
Microsoft Visual Studio Solution File, Format Version 12.00
# Visual Studio Version 17
VisualStudioVersion = 17.6.33712.159
MinimumVisualStudioVersion = 10.0.40219.1
Project("{FAE04EC0-301F-11D3-BF4B-00C04F79EFBC}") = "RunGroupWebApp", "RunGroupWebApp\RunGroupWebApp.csproj", "{ECB42B8D-705D-4D35-AC04-933F2615DCB7}"
EndProject
Global
	GlobalSection(SolutionConfigurationPlatforms) = preSolution
		Debug|Any CPU = Debug|Any CPU
		Release|Any CPU = Release|Any CPU
	EndGlobalSection
	GlobalSection(ProjectConfigurationPlatforms) = postSolution
		{ECB42B8D-705D-4D35-AC04-933F2615DCB7}.Debug|Any CPU.ActiveCfg = Debug|Any CPU
		{ECB42B8D-705D-4D35-AC04-933F2615DCB7}.Debug|Any CPU.Build.0 = Debug|Any CPU
		{ECB42B8D-705D-4D35-AC04-933F2615DCB7}.Release|Any CPU.ActiveCfg = Release|Any CPU
		{ECB42B8D-705D-4D35-AC04-933F2615DCB7}.Release|Any CPU.Build.0 = Release|Any CPU
	EndGlobalSection
	GlobalSection(SolutionProperties) = preSolution
		HideSolutionNode = FALSE
	EndGlobalSection
	GlobalSection(ExtensibilityGlobals) = postSolution
		SolutionGuid = {5BE42977-2EC9-4CAE-BB10-96C357DD866C}
	EndGlobalSection
EndGlobal
